
Microsoft Visual Studio Solution File, Format Version 12.00
# Visual Studio Version 16
VisualStudioVersion = 16.0.29728.190
MinimumVisualStudioVersion = 10.0.40219.1
Project("{9A19103F-16F7-4668-BE54-9A1E7A4F7556}") = "Transmit", "Transmit\Transmit.csproj", "{198D4144-B03D-4D0C-ACC5-E34F4ED16E4F}"
EndProject
Global
	GlobalSection(SolutionConfigurationPlatforms) = preSolution
		Debug|Any CPU = Debug|Any CPU
		Release|Any CPU = Release|Any CPU
	EndGlobalSection
	GlobalSection(ProjectConfigurationPlatforms) = postSolution
		{198D4144-B03D-4D0C-ACC5-E34F4ED16E4F}.Debug|Any CPU.ActiveCfg = Debug|Any CPU
		{198D4144-B03D-4D0C-ACC5-E34F4ED16E4F}.Debug|Any CPU.Build.0 = Debug|Any CPU
		{198D4144-B03D-4D0C-ACC5-E34F4ED16E4F}.Release|Any CPU.ActiveCfg = Release|Any CPU
		{198D4144-B03D-4D0C-ACC5-E34F4ED16E4F}.Release|Any CPU.Build.0 = Release|Any CPU
	EndGlobalSection
	GlobalSection(SolutionProperties) = preSolution
		HideSolutionNode = FALSE
	EndGlobalSection
	GlobalSection(ExtensibilityGlobals) = postSolution
		SolutionGuid = {F9445749-EC6E-4134-986B-ECA08CA7D8E2}
	EndGlobalSection
EndGlobal
